
Microsoft Visual Studio Solution File, Format Version 12.00
# Visual Studio 14
VisualStudioVersion = 14.0.25420.1
MinimumVisualStudioVersion = 10.0.40219.1
Project("{8BC9CEB8-8B4A-11D0-8D11-00A0C91BC942}") = "Test01", "Test01\Test01.vcxproj", "{1628B347-4052-442B-887E-78EA68353BB7}"
EndProject
Project("{8BC9CEB8-8B4A-11D0-8D11-00A0C91BC942}") = "Test02", "Test02\Test02.vcxproj", "{E629955A-6594-44CE-8975-393A351B08AF}"
EndProject
Project("{8BC9CEB8-8B4A-11D0-8D11-00A0C91BC942}") = "Test03", "Test03\Test03.vcxproj", "{1FD7C767-979D-4BE8-87C2-7189B0033FB8}"
EndProject
Project("{8BC9CEB8-8B4A-11D0-8D11-00A0C91BC942}") = "Test04", "Test04\Test04.vcxproj", "{B6D9FFCF-965C-414E-9D46-A0A80413624B}"
EndProject
Project("{8BC9CEB8-8B4A-11D0-8D11-00A0C91BC942}") = "Test05", "Test05\Test05.vcxproj", "{EA8860A1-8CCB-4742-98D7-E5813DFD5D5B}"
EndProject
Project("{8BC9CEB8-8B4A-11D0-8D11-00A0C91BC942}") = "GeoMatch", "GeoMatch\GeoMatch.vcxproj", "{D4D51EDD-709E-4DFA-994B-D145B809CCF6}"
EndProject
Project("{8BC9CEB8-8B4A-11D0-8D11-00A0C91BC942}") = "ObjectRecognition", "ObjectRecognition\ObjectRecognition.vcxproj", "{BBBAF0A6-4B7F-47CF-A969-687D917A7CC6}"
EndProject
Project("{8BC9CEB8-8B4A-11D0-8D11-00A0C91BC942}") = "基于分水岭的图像分割", "基于分水岭的图像分割\基于分水岭的图像分割.vcxproj", "{FE38BA16-9353-469A-BB80-57C99894C64A}"
EndProject
Project("{8BC9CEB8-8B4A-11D0-8D11-00A0C91BC942}") = "分水岭算法", "分水岭算法\分水岭算法.vcxproj", "{29F3E766-F215-41E8-979A-EAC14EC782A2}"
EndProject
Project("{8BC9CEB8-8B4A-11D0-8D11-00A0C91BC942}") = "基于距离的图像分割", "基于距离的图像分割\基于距离的图像分割.vcxproj", "{B6C7C775-A31E-4A71-A618-FEC52DCE5CF7}"
EndProject
Project("{8BC9CEB8-8B4A-11D0-8D11-00A0C91BC942}") = "连接边缘分割", "连接边缘分割\连接边缘分割.vcxproj", "{C46D1616-9AB9-42FF-AF9E-AC9938FFB193}"
EndProject
Project("{8BC9CEB8-8B4A-11D0-8D11-00A0C91BC942}") = "基于凹点匹配的重叠分割", "基于凹点匹配的重叠分割\基于凹点匹配的重叠分割.vcxproj", "{24879783-2EB5-4270-A719-FE6CBCFD191F}"
EndProject
Project("{8BC9CEB8-8B4A-11D0-8D11-00A0C91BC942}") = "基于边缘的特征识别", "基于边缘的特征识别\基于边缘的特征识别.vcxproj", "{ABE21DA6-E473-4790-B80A-316FC4BD820A}"
EndProject
Project("{8BC9CEB8-8B4A-11D0-8D11-00A0C91BC942}") = "凹缺陷_凸缺陷", "凹缺陷_凸缺陷\凹缺陷_凸缺陷.vcxproj", "{FDBCD2A2-B386-430C-93A4-D14D86502E9A}"
EndProject
Project("{8BC9CEB8-8B4A-11D0-8D11-00A0C91BC942}") = "基于腐蚀的边缘分割", "基于腐蚀的边缘分割\基于腐蚀的边缘分割.vcxproj", "{BDF17F47-85CD-4077-AC34-C3E0912A4228}"
EndProject
Project("{8BC9CEB8-8B4A-11D0-8D11-00A0C91BC942}") = "形状匹配", "形状匹配\形状匹配.vcxproj", "{5F9F98D6-D310-4C26-9A69-B7FB51A72E93}"
EndProject
Project("{8BC9CEB8-8B4A-11D0-8D11-00A0C91BC942}") = "GeoMatchMy", "GeoMatchMy\GeoMatchMy.vcxproj", "{CB8D974D-09FF-4DE4-9904-EC02AEF4CB1D}"
EndProject
Project("{8BC9CEB8-8B4A-11D0-8D11-00A0C91BC942}") = "直方图匹配", "直方图匹配\直方图匹配.vcxproj", "{6454DD97-6EF4-432F-985A-8CE7CDF99021}"
EndProject
Global
	GlobalSection(SolutionConfigurationPlatforms) = preSolution
		Debug|Any CPU = Debug|Any CPU
		Debug|x64 = Debug|x64
		Debug|x86 = Debug|x86
		Release|Any CPU = Release|Any CPU
		Release|x64 = Release|x64
		Release|x86 = Release|x86
	EndGlobalSection
	GlobalSection(ProjectConfigurationPlatforms) = postSolution
		{1628B347-4052-442B-887E-78EA68353BB7}.Debug|Any CPU.ActiveCfg = Debug|Win32
		{1628B347-4052-442B-887E-78EA68353BB7}.Debug|x64.ActiveCfg = Debug|x64
		{1628B347-4052-442B-887E-78EA68353BB7}.Debug|x64.Build.0 = Debug|x64
		{1628B347-4052-442B-887E-78EA68353BB7}.Debug|x86.ActiveCfg = Debug|Win32
		{1628B347-4052-442B-887E-78EA68353BB7}.Debug|x86.Build.0 = Debug|Win32
		{1628B347-4052-442B-887E-78EA68353BB7}.Release|Any CPU.ActiveCfg = Release|Win32
		{1628B347-4052-442B-887E-78EA68353BB7}.Release|x64.ActiveCfg = Release|x64
		{1628B347-4052-442B-887E-78EA68353BB7}.Release|x64.Build.0 = Release|x64
		{1628B347-4052-442B-887E-78EA68353BB7}.Release|x86.ActiveCfg = Release|Win32
		{1628B347-4052-442B-887E-78EA68353BB7}.Release|x86.Build.0 = Release|Win32
		{E629955A-6594-44CE-8975-393A351B08AF}.Debug|Any CPU.ActiveCfg = Debug|Win32
		{E629955A-6594-44CE-8975-393A351B08AF}.Debug|x64.ActiveCfg = Debug|x64
		{E629955A-6594-44CE-8975-393A351B08AF}.Debug|x64.Build.0 = Debug|x64
		{E629955A-6594-44CE-8975-393A351B08AF}.Debug|x86.ActiveCfg = Debug|Win32
		{E629955A-6594-44CE-8975-393A351B08AF}.Debug|x86.Build.0 = Debug|Win32
		{E629955A-6594-44CE-8975-393A351B08AF}.Release|Any CPU.ActiveCfg = Release|Win32
		{E629955A-6594-44CE-8975-393A351B08AF}.Release|x64.ActiveCfg = Release|x64
		{E629955A-6594-44CE-8975-393A351B08AF}.Release|x64.Build.0 = Release|x64
		{E629955A-6594-44CE-8975-393A351B08AF}.Release|x86.ActiveCfg = Release|Win32
		{E629955A-6594-44CE-8975-393A351B08AF}.Release|x86.Build.0 = Release|Win32
		{1FD7C767-979D-4BE8-87C2-7189B0033FB8}.Debug|Any CPU.ActiveCfg = Debug|Win32
		{1FD7C767-979D-4BE8-87C2-7189B0033FB8}.Debug|x64.ActiveCfg = Debug|x64
		{1FD7C767-979D-4BE8-87C2-7189B0033FB8}.Debug|x64.Build.0 = Debug|x64
		{1FD7C767-979D-4BE8-87C2-7189B0033FB8}.Debug|x86.ActiveCfg = Debug|Win32
		{1FD7C767-979D-4BE8-87C2-7189B0033FB8}.Debug|x86.Build.0 = Debug|Win32
		{1FD7C767-979D-4BE8-87C2-7189B0033FB8}.Release|Any CPU.ActiveCfg = Release|Win32
		{1FD7C767-979D-4BE8-87C2-7189B0033FB8}.Release|x64.ActiveCfg = Release|x64
		{1FD7C767-979D-4BE8-87C2-7189B0033FB8}.Release|x64.Build.0 = Release|x64
		{1FD7C767-979D-4BE8-87C2-7189B0033FB8}.Release|x86.ActiveCfg = Release|Win32
		{1FD7C767-979D-4BE8-87C2-7189B0033FB8}.Release|x86.Build.0 = Release|Win32
		{B6D9FFCF-965C-414E-9D46-A0A80413624B}.Debug|Any CPU.ActiveCfg = Debug|Win32
		{B6D9FFCF-965C-414E-9D46-A0A80413624B}.Debug|x64.ActiveCfg = Debug|x64
		{B6D9FFCF-965C-414E-9D46-A0A80413624B}.Debug|x64.Build.0 = Debug|x64
		{B6D9FFCF-965C-414E-9D46-A0A80413624B}.Debug|x86.ActiveCfg = Debug|Win32
		{B6D9FFCF-965C-414E-9D46-A0A80413624B}.Debug|x86.Build.0 = Debug|Win32
		{B6D9FFCF-965C-414E-9D46-A0A80413624B}.Release|Any CPU.ActiveCfg = Release|Win32
		{B6D9FFCF-965C-414E-9D46-A0A80413624B}.Release|x64.ActiveCfg = Release|x64
		{B6D9FFCF-965C-414E-9D46-A0A80413624B}.Release|x64.Build.0 = Release|x64
		{B6D9FFCF-965C-414E-9D46-A0A80413624B}.Release|x86.ActiveCfg = Release|Win32
		{B6D9FFCF-965C-414E-9D46-A0A80413624B}.Release|x86.Build.0 = Release|Win32
		{EA8860A1-8CCB-4742-98D7-E5813DFD5D5B}.Debug|Any CPU.ActiveCfg = Debug|Win32
		{EA8860A1-8CCB-4742-98D7-E5813DFD5D5B}.Debug|x64.ActiveCfg = Debug|x64
		{EA8860A1-8CCB-4742-98D7-E5813DFD5D5B}.Debug|x64.Build.0 = Debug|x64
		{EA8860A1-8CCB-4742-98D7-E5813DFD5D5B}.Debug|x86.ActiveCfg = Debug|Win32
		{EA8860A1-8CCB-4742-98D7-E5813DFD5D5B}.Debug|x86.Build.0 = Debug|Win32
		{EA8860A1-8CCB-4742-98D7-E5813DFD5D5B}.Release|Any CPU.ActiveCfg = Release|Win32
		{EA8860A1-8CCB-4742-98D7-E5813DFD5D5B}.Release|x64.ActiveCfg = Release|x64
		{EA8860A1-8CCB-4742-98D7-E5813DFD5D5B}.Release|x64.Build.0 = Release|x64
		{EA8860A1-8CCB-4742-98D7-E5813DFD5D5B}.Release|x86.ActiveCfg = Release|Win32
		{EA8860A1-8CCB-4742-98D7-E5813DFD5D5B}.Release|x86.Build.0 = Release|Win32
		{D4D51EDD-709E-4DFA-994B-D145B809CCF6}.Debug|Any CPU.ActiveCfg = Debug|Win32
		{D4D51EDD-709E-4DFA-994B-D145B809CCF6}.Debug|x64.ActiveCfg = Debug|Win32
		{D4D51EDD-709E-4DFA-994B-D145B809CCF6}.Debug|x86.ActiveCfg = Debug|Win32
		{D4D51EDD-709E-4DFA-994B-D145B809CCF6}.Debug|x86.Build.0 = Debug|Win32
		{D4D51EDD-709E-4DFA-994B-D145B809CCF6}.Release|Any CPU.ActiveCfg = Release|Win32
		{D4D51EDD-709E-4DFA-994B-D145B809CCF6}.Release|x64.ActiveCfg = Release|Win32
		{D4D51EDD-709E-4DFA-994B-D145B809CCF6}.Release|x86.ActiveCfg = Release|Win32
		{D4D51EDD-709E-4DFA-994B-D145B809CCF6}.Release|x86.Build.0 = Release|Win32
		{BBBAF0A6-4B7F-47CF-A969-687D917A7CC6}.Debug|Any CPU.ActiveCfg = Debug|Win32
		{BBBAF0A6-4B7F-47CF-A969-687D917A7CC6}.Debug|x64.ActiveCfg = Debug|x64
		{BBBAF0A6-4B7F-47CF-A969-687D917A7CC6}.Debug|x64.Build.0 = Debug|x64
		{BBBAF0A6-4B7F-47CF-A969-687D917A7CC6}.Debug|x86.ActiveCfg = Debug|Win32
		{BBBAF0A6-4B7F-47CF-A969-687D917A7CC6}.Debug|x86.Build.0 = Debug|Win32
		{BBBAF0A6-4B7F-47CF-A969-687D917A7CC6}.Release|Any CPU.ActiveCfg = Release|Win32
		{BBBAF0A6-4B7F-47CF-A969-687D917A7CC6}.Release|x64.ActiveCfg = Release|x64
		{BBBAF0A6-4B7F-47CF-A969-687D917A7CC6}.Release|x64.Build.0 = Release|x64
		{BBBAF0A6-4B7F-47CF-A969-687D917A7CC6}.Release|x86.ActiveCfg = Release|Win32
		{BBBAF0A6-4B7F-47CF-A969-687D917A7CC6}.Release|x86.Build.0 = Release|Win32
		{FE38BA16-9353-469A-BB80-57C99894C64A}.Debug|Any CPU.ActiveCfg = Debug|Win32
		{FE38BA16-9353-469A-BB80-57C99894C64A}.Debug|x64.ActiveCfg = Debug|x64
		{FE38BA16-9353-469A-BB80-57C99894C64A}.Debug|x64.Build.0 = Debug|x64
		{FE38BA16-9353-469A-BB80-57C99894C64A}.Debug|x86.ActiveCfg = Debug|Win32
		{FE38BA16-9353-469A-BB80-57C99894C64A}.Debug|x86.Build.0 = Debug|Win32
		{FE38BA16-9353-469A-BB80-57C99894C64A}.Release|Any CPU.ActiveCfg = Release|Win32
		{FE38BA16-9353-469A-BB80-57C99894C64A}.Release|x64.ActiveCfg = Release|x64
		{FE38BA16-9353-469A-BB80-57C99894C64A}.Release|x64.Build.0 = Release|x64
		{FE38BA16-9353-469A-BB80-57C99894C64A}.Release|x86.ActiveCfg = Release|Win32
		{FE38BA16-9353-469A-BB80-57C99894C64A}.Release|x86.Build.0 = Release|Win32
		{29F3E766-F215-41E8-979A-EAC14EC782A2}.Debug|Any CPU.ActiveCfg = Debug|Win32
		{29F3E766-F215-41E8-979A-EAC14EC782A2}.Debug|x64.ActiveCfg = Debug|x64
		{29F3E766-F215-41E8-979A-EAC14EC782A2}.Debug|x64.Build.0 = Debug|x64
		{29F3E766-F215-41E8-979A-EAC14EC782A2}.Debug|x86.ActiveCfg = Debug|Win32
		{29F3E766-F215-41E8-979A-EAC14EC782A2}.Debug|x86.Build.0 = Debug|Win32
		{29F3E766-F215-41E8-979A-EAC14EC782A2}.Release|Any CPU.ActiveCfg = Release|Win32
		{29F3E766-F215-41E8-979A-EAC14EC782A2}.Release|x64.ActiveCfg = Release|x64
		{29F3E766-F215-41E8-979A-EAC14EC782A2}.Release|x64.Build.0 = Release|x64
		{29F3E766-F215-41E8-979A-EAC14EC782A2}.Release|x86.ActiveCfg = Release|Win32
		{29F3E766-F215-41E8-979A-EAC14EC782A2}.Release|x86.Build.0 = Release|Win32
		{B6C7C775-A31E-4A71-A618-FEC52DCE5CF7}.Debug|Any CPU.ActiveCfg = Debug|Win32
		{B6C7C775-A31E-4A71-A618-FEC52DCE5CF7}.Debug|x64.ActiveCfg = Debug|x64
		{B6C7C775-A31E-4A71-A618-FEC52DCE5CF7}.Debug|x64.Build.0 = Debug|x64
		{B6C7C775-A31E-4A71-A618-FEC52DCE5CF7}.Debug|x86.ActiveCfg = Debug|Win32
		{B6C7C775-A31E-4A71-A618-FEC52DCE5CF7}.Debug|x86.Build.0 = Debug|Win32
		{B6C7C775-A31E-4A71-A618-FEC52DCE5CF7}.Release|Any CPU.ActiveCfg = Release|Win32
		{B6C7C775-A31E-4A71-A618-FEC52DCE5CF7}.Release|x64.ActiveCfg = Release|x64
		{B6C7C775-A31E-4A71-A618-FEC52DCE5CF7}.Release|x64.Build.0 = Release|x64
		{B6C7C775-A31E-4A71-A618-FEC52DCE5CF7}.Release|x86.ActiveCfg = Release|Win32
		{B6C7C775-A31E-4A71-A618-FEC52DCE5CF7}.Release|x86.Build.0 = Release|Win32
		{C46D1616-9AB9-42FF-AF9E-AC9938FFB193}.Debug|Any CPU.ActiveCfg = Debug|Win32
		{C46D1616-9AB9-42FF-AF9E-AC9938FFB193}.Debug|x64.ActiveCfg = Debug|x64
		{C46D1616-9AB9-42FF-AF9E-AC9938FFB193}.Debug|x64.Build.0 = Debug|x64
		{C46D1616-9AB9-42FF-AF9E-AC9938FFB193}.Debug|x86.ActiveCfg = Debug|Win32
		{C46D1616-9AB9-42FF-AF9E-AC9938FFB193}.Debug|x86.Build.0 = Debug|Win32
		{C46D1616-9AB9-42FF-AF9E-AC9938FFB193}.Release|Any CPU.ActiveCfg = Release|Win32
		{C46D1616-9AB9-42FF-AF9E-AC9938FFB193}.Release|x64.ActiveCfg = Release|x64
		{C46D1616-9AB9-42FF-AF9E-AC9938FFB193}.Release|x64.Build.0 = Release|x64
		{C46D1616-9AB9-42FF-AF9E-AC9938FFB193}.Release|x86.ActiveCfg = Release|Win32
		{C46D1616-9AB9-42FF-AF9E-AC9938FFB193}.Release|x86.Build.0 = Release|Win32
		{24879783-2EB5-4270-A719-FE6CBCFD191F}.Debug|Any CPU.ActiveCfg = Debug|Win32
		{24879783-2EB5-4270-A719-FE6CBCFD191F}.Debug|x64.ActiveCfg = Debug|x64
		{24879783-2EB5-4270-A719-FE6CBCFD191F}.Debug|x64.Build.0 = Debug|x64
		{24879783-2EB5-4270-A719-FE6CBCFD191F}.Debug|x86.ActiveCfg = Debug|Win32
		{24879783-2EB5-4270-A719-FE6CBCFD191F}.Debug|x86.Build.0 = Debug|Win32
		{24879783-2EB5-4270-A719-FE6CBCFD191F}.Release|Any CPU.ActiveCfg = Release|Win32
		{24879783-2EB5-4270-A719-FE6CBCFD191F}.Release|x64.ActiveCfg = Release|x64
		{24879783-2EB5-4270-A719-FE6CBCFD191F}.Release|x64.Build.0 = Release|x64
		{24879783-2EB5-4270-A719-FE6CBCFD191F}.Release|x86.ActiveCfg = Release|Win32
		{24879783-2EB5-4270-A719-FE6CBCFD191F}.Release|x86.Build.0 = Release|Win32
		{ABE21DA6-E473-4790-B80A-316FC4BD820A}.Debug|Any CPU.ActiveCfg = Debug|Win32
		{ABE21DA6-E473-4790-B80A-316FC4BD820A}.Debug|x64.ActiveCfg = Debug|x64
		{ABE21DA6-E473-4790-B80A-316FC4BD820A}.Debug|x64.Build.0 = Debug|x64
		{ABE21DA6-E473-4790-B80A-316FC4BD820A}.Debug|x86.ActiveCfg = Debug|Win32
		{ABE21DA6-E473-4790-B80A-316FC4BD820A}.Debug|x86.Build.0 = Debug|Win32
		{ABE21DA6-E473-4790-B80A-316FC4BD820A}.Release|Any CPU.ActiveCfg = Release|Win32
		{ABE21DA6-E473-4790-B80A-316FC4BD820A}.Release|x64.ActiveCfg = Release|x64
		{ABE21DA6-E473-4790-B80A-316FC4BD820A}.Release|x64.Build.0 = Release|x64
		{ABE21DA6-E473-4790-B80A-316FC4BD820A}.Release|x86.ActiveCfg = Release|Win32
		{ABE21DA6-E473-4790-B80A-316FC4BD820A}.Release|x86.Build.0 = Release|Win32
		{FDBCD2A2-B386-430C-93A4-D14D86502E9A}.Debug|Any CPU.ActiveCfg = Debug|Win32
		{FDBCD2A2-B386-430C-93A4-D14D86502E9A}.Debug|x64.ActiveCfg = Debug|x64
		{FDBCD2A2-B386-430C-93A4-D14D86502E9A}.Debug|x64.Build.0 = Debug|x64
		{FDBCD2A2-B386-430C-93A4-D14D86502E9A}.Debug|x86.ActiveCfg = Debug|Win32
		{FDBCD2A2-B386-430C-93A4-D14D86502E9A}.Debug|x86.Build.0 = Debug|Win32
		{FDBCD2A2-B386-430C-93A4-D14D86502E9A}.Release|Any CPU.ActiveCfg = Release|Win32
		{FDBCD2A2-B386-430C-93A4-D14D86502E9A}.Release|x64.ActiveCfg = Release|x64
		{FDBCD2A2-B386-430C-93A4-D14D86502E9A}.Release|x64.Build.0 = Release|x64
		{FDBCD2A2-B386-430C-93A4-D14D86502E9A}.Release|x86.ActiveCfg = Release|Win32
		{FDBCD2A2-B386-430C-93A4-D14D86502E9A}.Release|x86.Build.0 = Release|Win32
		{BDF17F47-85CD-4077-AC34-C3E0912A4228}.Debug|Any CPU.ActiveCfg = Debug|Win32
		{BDF17F47-85CD-4077-AC34-C3E0912A4228}.Debug|x64.ActiveCfg = Debug|x64
		{BDF17F47-85CD-4077-AC34-C3E0912A4228}.Debug|x64.Build.0 = Debug|x64
		{BDF17F47-85CD-4077-AC34-C3E0912A4228}.Debug|x86.ActiveCfg = Debug|Win32
		{BDF17F47-85CD-4077-AC34-C3E0912A4228}.Debug|x86.Build.0 = Debug|Win32
		{BDF17F47-85CD-4077-AC34-C3E0912A4228}.Release|Any CPU.ActiveCfg = Release|Win32
		{BDF17F47-85CD-4077-AC34-C3E0912A4228}.Release|x64.ActiveCfg = Release|x64
		{BDF17F47-85CD-4077-AC34-C3E0912A4228}.Release|x64.Build.0 = Release|x64
		{BDF17F47-85CD-4077-AC34-C3E0912A4228}.Release|x86.ActiveCfg = Release|Win32
		{BDF17F47-85CD-4077-AC34-C3E0912A4228}.Release|x86.Build.0 = Release|Win32
		{5F9F98D6-D310-4C26-9A69-B7FB51A72E93}.Debug|Any CPU.ActiveCfg = Debug|Win32
		{5F9F98D6-D310-4C26-9A69-B7FB51A72E93}.Debug|x64.ActiveCfg = Debug|x64
		{5F9F98D6-D310-4C26-9A69-B7FB51A72E93}.Debug|x64.Build.0 = Debug|x64
		{5F9F98D6-D310-4C26-9A69-B7FB51A72E93}.Debug|x86.ActiveCfg = Debug|Win32
		{5F9F98D6-D310-4C26-9A69-B7FB51A72E93}.Debug|x86.Build.0 = Debug|Win32
		{5F9F98D6-D310-4C26-9A69-B7FB51A72E93}.Release|Any CPU.ActiveCfg = Release|Win32
		{5F9F98D6-D310-4C26-9A69-B7FB51A72E93}.Release|x64.ActiveCfg = Release|x64
		{5F9F98D6-D310-4C26-9A69-B7FB51A72E93}.Release|x64.Build.0 = Release|x64
		{5F9F98D6-D310-4C26-9A69-B7FB51A72E93}.Release|x86.ActiveCfg = Release|Win32
		{5F9F98D6-D310-4C26-9A69-B7FB51A72E93}.Release|x86.Build.0 = Release|Win32
		{CB8D974D-09FF-4DE4-9904-EC02AEF4CB1D}.Debug|Any CPU.ActiveCfg = Debug|Win32
		{CB8D974D-09FF-4DE4-9904-EC02AEF4CB1D}.Debug|x64.ActiveCfg = Debug|x64
		{CB8D974D-09FF-4DE4-9904-EC02AEF4CB1D}.Debug|x64.Build.0 = Debug|x64
		{CB8D974D-09FF-4DE4-9904-EC02AEF4CB1D}.Debug|x86.ActiveCfg = Debug|Win32
		{CB8D974D-09FF-4DE4-9904-EC02AEF4CB1D}.Debug|x86.Build.0 = Debug|Win32
		{CB8D974D-09FF-4DE4-9904-EC02AEF4CB1D}.Release|Any CPU.ActiveCfg = Release|Win32
		{CB8D974D-09FF-4DE4-9904-EC02AEF4CB1D}.Release|x64.ActiveCfg = Release|x64
		{CB8D974D-09FF-4DE4-9904-EC02AEF4CB1D}.Release|x64.Build.0 = Release|x64
		{CB8D974D-09FF-4DE4-9904-EC02AEF4CB1D}.Release|x86.ActiveCfg = Release|Win32
		{CB8D974D-09FF-4DE4-9904-EC02AEF4CB1D}.Release|x86.Build.0 = Release|Win32
		{6454DD97-6EF4-432F-985A-8CE7CDF99021}.Debug|Any CPU.ActiveCfg = Debug|Win32
		{6454DD97-6EF4-432F-985A-8CE7CDF99021}.Debug|x64.ActiveCfg = Debug|x64
		{6454DD97-6EF4-432F-985A-8CE7CDF99021}.Debug|x64.Build.0 = Debug|x64
		{6454DD97-6EF4-432F-985A-8CE7CDF99021}.Debug|x86.ActiveCfg = Debug|Win32
		{6454DD97-6EF4-432F-985A-8CE7CDF99021}.Debug|x86.Build.0 = Debug|Win32
		{6454DD97-6EF4-432F-985A-8CE7CDF99021}.Release|Any CPU.ActiveCfg = Release|Win32
		{6454DD97-6EF4-432F-985A-8CE7CDF99021}.Release|x64.ActiveCfg = Release|x64
		{6454DD97-6EF4-432F-985A-8CE7CDF99021}.Release|x64.Build.0 = Release|x64
		{6454DD97-6EF4-432F-985A-8CE7CDF99021}.Release|x86.ActiveCfg = Release|Win32
		{6454DD97-6EF4-432F-985A-8CE7CDF99021}.Release|x86.Build.0 = Release|Win32
	EndGlobalSection
	GlobalSection(SolutionProperties) = preSolution
		HideSolutionNode = FALSE
	EndGlobalSection
EndGlobal
