
Microsoft Visual Studio Solution File, Format Version 12.00
# Visual Studio 14
VisualStudioVersion = 14.0.25420.1
MinimumVisualStudioVersion = 10.0.40219.1
Project("{8BC9CEB8-8B4A-11D0-8D11-00A0C91BC942}") = "01ConsoleApplication1", "ConsoleApplication1\ConsoleApplication1.vcxproj", "{0813A037-9FE1-4B46-B32F-878986CD1382}"
EndProject
Project("{8BC9CEB8-8B4A-11D0-8D11-00A0C91BC942}") = "02ImageZoom", "ImageZoom\ImageZoom.vcxproj", "{32293551-3B79-47A1-953C-6808B6C9D7AB}"
EndProject
Project("{8BC9CEB8-8B4A-11D0-8D11-00A0C91BC942}") = "03EdgeExtracting", "EdgeExtracting\EdgeExtracting.vcxproj", "{F00560CD-28B4-4E62-BCD9-B110B4D8735F}"
EndProject
Project("{8BC9CEB8-8B4A-11D0-8D11-00A0C91BC942}") = "04Binaryzation", "Binaryzation\Binaryzation.vcxproj", "{6C5A9CF1-E0B6-45A5-ACE5-5F3FF312422D}"
EndProject
Project("{8BC9CEB8-8B4A-11D0-8D11-00A0C91BC942}") = "05ContourDetection", "ContourDetection\ContourDetection.vcxproj", "{239E0D26-EF78-4BAE-8428-D53F9837E84D}"
EndProject
Project("{8BC9CEB8-8B4A-11D0-8D11-00A0C91BC942}") = "06LineAndCircleDetection", "LineAndCircleDetection\LineAndCircleDetection.vcxproj", "{18C3ED49-B846-4087-880B-49781CE7E59B}"
EndProject
Project("{8BC9CEB8-8B4A-11D0-8D11-00A0C91BC942}") = "07Histogram", "Histogram\Histogram.vcxproj", "{02BF2E01-F830-4CF4-81B9-37BD14A47C7F}"
EndProject
Project("{8BC9CEB8-8B4A-11D0-8D11-00A0C91BC942}") = "08EqualizeHist", "EqualizeHist\EqualizeHist.vcxproj", "{1E561BDA-D34C-4DAA-954B-AD0440D96FD6}"
EndProject
Project("{8BC9CEB8-8B4A-11D0-8D11-00A0C91BC942}") = "09EqualizeHistColorImage", "EqualizeHistColorImage\EqualizeHistColorImage.vcxproj", "{AE1D374F-147A-421A-8820-17CA2C50FCA0}"
EndProject
Project("{8BC9CEB8-8B4A-11D0-8D11-00A0C91BC942}") = "10SetMouseCallback", "SetMouseCallback\SetMouseCallback.vcxproj", "{DB990A2D-E362-426F-8CD3-57D554608659}"
EndProject
Project("{8BC9CEB8-8B4A-11D0-8D11-00A0C91BC942}") = "11FaceRecognition", "FaceRecognition\FaceRecognition.vcxproj", "{6B5F7DCD-19F6-4EB8-A5F8-5674D19F7FAB}"
EndProject
Project("{8BC9CEB8-8B4A-11D0-8D11-00A0C91BC942}") = "Eigenfaces", "Eigenfaces\Eigenfaces.vcxproj", "{5F0963CD-0F74-4D22-AE87-47E88FE383BB}"
EndProject
Project("{2150E333-8FDC-42A3-9474-1A3956D46DE8}") = "Learning", "Learning", "{814CD3FC-3712-49E3-B7E4-A053FAB0AE1B}"
EndProject
Project("{2150E333-8FDC-42A3-9474-1A3956D46DE8}") = "Experiment", "Experiment", "{9F7CD966-67AF-4770-B77D-B05F6BA59B69}"
EndProject
Project("{8BC9CEB8-8B4A-11D0-8D11-00A0C91BC942}") = "TakePhoto", "TakePhoto\TakePhoto.vcxproj", "{DE0EACAA-8CED-49B3-A92B-5C272676D749}"
EndProject
Project("{8BC9CEB8-8B4A-11D0-8D11-00A0C91BC942}") = "12ImageROI", "ImageROI\ImageROI.vcxproj", "{4228459B-0496-45F5-B64F-9CA439DBE408}"
EndProject
Project("{8BC9CEB8-8B4A-11D0-8D11-00A0C91BC942}") = "13MultiChannelBlending", "MultiChannelBlending\MultiChannelBlending.vcxproj", "{C54159C7-ED0C-45BD-88F9-3B0CF974F5BB}"
EndProject
Project("{8BC9CEB8-8B4A-11D0-8D11-00A0C91BC942}") = "14ContrastAndBright", "ContrastAndBright\ContrastAndBright.vcxproj", "{40A76402-396F-4C1E-A8B7-134496FEDD2F}"
EndProject
Project("{8BC9CEB8-8B4A-11D0-8D11-00A0C91BC942}") = "Discriminate", "Discriminate\Discriminate.vcxproj", "{3E83672C-BA3B-4FBE-85B4-EFE070962BEE}"
EndProject
Project("{FAE04EC0-301F-11D3-BF4B-00C04F79EFBC}") = "CreateCSVFile", "CreateCSVFile\CreateCSVFile.csproj", "{991CFFD8-ABD1-464B-8D10-8AE3AF9D04F9}"
EndProject
Project("{8BC9CEB8-8B4A-11D0-8D11-00A0C91BC942}") = "KnowYouFace", "KnowYouFace\KnowYouFace.vcxproj", "{B3D7C2B6-4537-4EEC-B354-68602F176A08}"
EndProject
Project("{8BC9CEB8-8B4A-11D0-8D11-00A0C91BC942}") = "15Filtering", "Filtering\Filtering.vcxproj", "{656F6A1D-CFA0-4DAB-AF13-4F5400C6FCD9}"
EndProject
Project("{8BC9CEB8-8B4A-11D0-8D11-00A0C91BC942}") = "16DilateAndErode", "DilateAndErode\DilateAndErode.vcxproj", "{BE1177A4-69EA-4174-A208-CEE4CA4CBF95}"
EndProject
Project("{8BC9CEB8-8B4A-11D0-8D11-00A0C91BC942}") = "17EdgeDetection", "EdgeDetection\EdgeDetection.vcxproj", "{94421D82-632E-42DB-950A-F6332D2A54BF}"
EndProject
Project("{8BC9CEB8-8B4A-11D0-8D11-00A0C91BC942}") = "18FloodFill", "FloodFill\FloodFill.vcxproj", "{CD32AC3A-2A6A-4220-A5CA-5CEF6F80844A}"
EndProject
Project("{8BC9CEB8-8B4A-11D0-8D11-00A0C91BC942}") = "19InterestPoint", "InterestPoint\InterestPoint.vcxproj", "{5EF77C40-3D66-4855-B8CA-78F7A4D3D2D5}"
EndProject
Project("{8BC9CEB8-8B4A-11D0-8D11-00A0C91BC942}") = "20Remap_SURF", "Remap_SURF\Remap_SURF.vcxproj", "{9F3AD933-FD22-4ACB-97A5-049D3C21F59B}"
EndProject
Project("{8BC9CEB8-8B4A-11D0-8D11-00A0C91BC942}") = "21Transformation_SURF", "Transformation_SURF\Transformation_SURF.vcxproj", "{AC8E2C8C-E726-45B8-AAAD-0314AF8A52BF}"
EndProject
Global
	GlobalSection(SolutionConfigurationPlatforms) = preSolution
		Debug|Any CPU = Debug|Any CPU
		Debug|x64 = Debug|x64
		Debug|x86 = Debug|x86
		Release|Any CPU = Release|Any CPU
		Release|x64 = Release|x64
		Release|x86 = Release|x86
	EndGlobalSection
	GlobalSection(ProjectConfigurationPlatforms) = postSolution
		{0813A037-9FE1-4B46-B32F-878986CD1382}.Debug|Any CPU.ActiveCfg = Debug|Win32
		{0813A037-9FE1-4B46-B32F-878986CD1382}.Debug|x64.ActiveCfg = Debug|x64
		{0813A037-9FE1-4B46-B32F-878986CD1382}.Debug|x64.Build.0 = Debug|x64
		{0813A037-9FE1-4B46-B32F-878986CD1382}.Debug|x86.ActiveCfg = Debug|Win32
		{0813A037-9FE1-4B46-B32F-878986CD1382}.Debug|x86.Build.0 = Debug|Win32
		{0813A037-9FE1-4B46-B32F-878986CD1382}.Release|Any CPU.ActiveCfg = Release|Win32
		{0813A037-9FE1-4B46-B32F-878986CD1382}.Release|x64.ActiveCfg = Release|x64
		{0813A037-9FE1-4B46-B32F-878986CD1382}.Release|x64.Build.0 = Release|x64
		{0813A037-9FE1-4B46-B32F-878986CD1382}.Release|x86.ActiveCfg = Release|Win32
		{0813A037-9FE1-4B46-B32F-878986CD1382}.Release|x86.Build.0 = Release|Win32
		{32293551-3B79-47A1-953C-6808B6C9D7AB}.Debug|Any CPU.ActiveCfg = Debug|Win32
		{32293551-3B79-47A1-953C-6808B6C9D7AB}.Debug|x64.ActiveCfg = Debug|x64
		{32293551-3B79-47A1-953C-6808B6C9D7AB}.Debug|x64.Build.0 = Debug|x64
		{32293551-3B79-47A1-953C-6808B6C9D7AB}.Debug|x86.ActiveCfg = Debug|Win32
		{32293551-3B79-47A1-953C-6808B6C9D7AB}.Debug|x86.Build.0 = Debug|Win32
		{32293551-3B79-47A1-953C-6808B6C9D7AB}.Release|Any CPU.ActiveCfg = Release|Win32
		{32293551-3B79-47A1-953C-6808B6C9D7AB}.Release|x64.ActiveCfg = Release|x64
		{32293551-3B79-47A1-953C-6808B6C9D7AB}.Release|x64.Build.0 = Release|x64
		{32293551-3B79-47A1-953C-6808B6C9D7AB}.Release|x86.ActiveCfg = Release|Win32
		{32293551-3B79-47A1-953C-6808B6C9D7AB}.Release|x86.Build.0 = Release|Win32
		{F00560CD-28B4-4E62-BCD9-B110B4D8735F}.Debug|Any CPU.ActiveCfg = Debug|Win32
		{F00560CD-28B4-4E62-BCD9-B110B4D8735F}.Debug|x64.ActiveCfg = Debug|x64
		{F00560CD-28B4-4E62-BCD9-B110B4D8735F}.Debug|x64.Build.0 = Debug|x64
		{F00560CD-28B4-4E62-BCD9-B110B4D8735F}.Debug|x86.ActiveCfg = Debug|Win32
		{F00560CD-28B4-4E62-BCD9-B110B4D8735F}.Debug|x86.Build.0 = Debug|Win32
		{F00560CD-28B4-4E62-BCD9-B110B4D8735F}.Release|Any CPU.ActiveCfg = Release|Win32
		{F00560CD-28B4-4E62-BCD9-B110B4D8735F}.Release|x64.ActiveCfg = Release|x64
		{F00560CD-28B4-4E62-BCD9-B110B4D8735F}.Release|x64.Build.0 = Release|x64
		{F00560CD-28B4-4E62-BCD9-B110B4D8735F}.Release|x86.ActiveCfg = Release|Win32
		{F00560CD-28B4-4E62-BCD9-B110B4D8735F}.Release|x86.Build.0 = Release|Win32
		{6C5A9CF1-E0B6-45A5-ACE5-5F3FF312422D}.Debug|Any CPU.ActiveCfg = Debug|Win32
		{6C5A9CF1-E0B6-45A5-ACE5-5F3FF312422D}.Debug|x64.ActiveCfg = Debug|x64
		{6C5A9CF1-E0B6-45A5-ACE5-5F3FF312422D}.Debug|x64.Build.0 = Debug|x64
		{6C5A9CF1-E0B6-45A5-ACE5-5F3FF312422D}.Debug|x86.ActiveCfg = Debug|Win32
		{6C5A9CF1-E0B6-45A5-ACE5-5F3FF312422D}.Debug|x86.Build.0 = Debug|Win32
		{6C5A9CF1-E0B6-45A5-ACE5-5F3FF312422D}.Release|Any CPU.ActiveCfg = Release|Win32
		{6C5A9CF1-E0B6-45A5-ACE5-5F3FF312422D}.Release|x64.ActiveCfg = Release|x64
		{6C5A9CF1-E0B6-45A5-ACE5-5F3FF312422D}.Release|x64.Build.0 = Release|x64
		{6C5A9CF1-E0B6-45A5-ACE5-5F3FF312422D}.Release|x86.ActiveCfg = Release|Win32
		{6C5A9CF1-E0B6-45A5-ACE5-5F3FF312422D}.Release|x86.Build.0 = Release|Win32
		{239E0D26-EF78-4BAE-8428-D53F9837E84D}.Debug|Any CPU.ActiveCfg = Debug|Win32
		{239E0D26-EF78-4BAE-8428-D53F9837E84D}.Debug|x64.ActiveCfg = Debug|x64
		{239E0D26-EF78-4BAE-8428-D53F9837E84D}.Debug|x64.Build.0 = Debug|x64
		{239E0D26-EF78-4BAE-8428-D53F9837E84D}.Debug|x86.ActiveCfg = Debug|Win32
		{239E0D26-EF78-4BAE-8428-D53F9837E84D}.Debug|x86.Build.0 = Debug|Win32
		{239E0D26-EF78-4BAE-8428-D53F9837E84D}.Release|Any CPU.ActiveCfg = Release|Win32
		{239E0D26-EF78-4BAE-8428-D53F9837E84D}.Release|x64.ActiveCfg = Release|x64
		{239E0D26-EF78-4BAE-8428-D53F9837E84D}.Release|x64.Build.0 = Release|x64
		{239E0D26-EF78-4BAE-8428-D53F9837E84D}.Release|x86.ActiveCfg = Release|Win32
		{239E0D26-EF78-4BAE-8428-D53F9837E84D}.Release|x86.Build.0 = Release|Win32
		{18C3ED49-B846-4087-880B-49781CE7E59B}.Debug|Any CPU.ActiveCfg = Debug|Win32
		{18C3ED49-B846-4087-880B-49781CE7E59B}.Debug|x64.ActiveCfg = Debug|x64
		{18C3ED49-B846-4087-880B-49781CE7E59B}.Debug|x64.Build.0 = Debug|x64
		{18C3ED49-B846-4087-880B-49781CE7E59B}.Debug|x86.ActiveCfg = Debug|Win32
		{18C3ED49-B846-4087-880B-49781CE7E59B}.Debug|x86.Build.0 = Debug|Win32
		{18C3ED49-B846-4087-880B-49781CE7E59B}.Release|Any CPU.ActiveCfg = Release|Win32
		{18C3ED49-B846-4087-880B-49781CE7E59B}.Release|x64.ActiveCfg = Release|x64
		{18C3ED49-B846-4087-880B-49781CE7E59B}.Release|x64.Build.0 = Release|x64
		{18C3ED49-B846-4087-880B-49781CE7E59B}.Release|x86.ActiveCfg = Release|Win32
		{18C3ED49-B846-4087-880B-49781CE7E59B}.Release|x86.Build.0 = Release|Win32
		{02BF2E01-F830-4CF4-81B9-37BD14A47C7F}.Debug|Any CPU.ActiveCfg = Debug|Win32
		{02BF2E01-F830-4CF4-81B9-37BD14A47C7F}.Debug|x64.ActiveCfg = Debug|x64
		{02BF2E01-F830-4CF4-81B9-37BD14A47C7F}.Debug|x64.Build.0 = Debug|x64
		{02BF2E01-F830-4CF4-81B9-37BD14A47C7F}.Debug|x86.ActiveCfg = Debug|Win32
		{02BF2E01-F830-4CF4-81B9-37BD14A47C7F}.Debug|x86.Build.0 = Debug|Win32
		{02BF2E01-F830-4CF4-81B9-37BD14A47C7F}.Release|Any CPU.ActiveCfg = Release|Win32
		{02BF2E01-F830-4CF4-81B9-37BD14A47C7F}.Release|x64.ActiveCfg = Release|x64
		{02BF2E01-F830-4CF4-81B9-37BD14A47C7F}.Release|x64.Build.0 = Release|x64
		{02BF2E01-F830-4CF4-81B9-37BD14A47C7F}.Release|x86.ActiveCfg = Release|Win32
		{02BF2E01-F830-4CF4-81B9-37BD14A47C7F}.Release|x86.Build.0 = Release|Win32
		{1E561BDA-D34C-4DAA-954B-AD0440D96FD6}.Debug|Any CPU.ActiveCfg = Debug|Win32
		{1E561BDA-D34C-4DAA-954B-AD0440D96FD6}.Debug|x64.ActiveCfg = Debug|x64
		{1E561BDA-D34C-4DAA-954B-AD0440D96FD6}.Debug|x64.Build.0 = Debug|x64
		{1E561BDA-D34C-4DAA-954B-AD0440D96FD6}.Debug|x86.ActiveCfg = Debug|Win32
		{1E561BDA-D34C-4DAA-954B-AD0440D96FD6}.Debug|x86.Build.0 = Debug|Win32
		{1E561BDA-D34C-4DAA-954B-AD0440D96FD6}.Release|Any CPU.ActiveCfg = Release|Win32
		{1E561BDA-D34C-4DAA-954B-AD0440D96FD6}.Release|x64.ActiveCfg = Release|x64
		{1E561BDA-D34C-4DAA-954B-AD0440D96FD6}.Release|x64.Build.0 = Release|x64
		{1E561BDA-D34C-4DAA-954B-AD0440D96FD6}.Release|x86.ActiveCfg = Release|Win32
		{1E561BDA-D34C-4DAA-954B-AD0440D96FD6}.Release|x86.Build.0 = Release|Win32
		{AE1D374F-147A-421A-8820-17CA2C50FCA0}.Debug|Any CPU.ActiveCfg = Debug|Win32
		{AE1D374F-147A-421A-8820-17CA2C50FCA0}.Debug|x64.ActiveCfg = Debug|x64
		{AE1D374F-147A-421A-8820-17CA2C50FCA0}.Debug|x64.Build.0 = Debug|x64
		{AE1D374F-147A-421A-8820-17CA2C50FCA0}.Debug|x86.ActiveCfg = Debug|Win32
		{AE1D374F-147A-421A-8820-17CA2C50FCA0}.Debug|x86.Build.0 = Debug|Win32
		{AE1D374F-147A-421A-8820-17CA2C50FCA0}.Release|Any CPU.ActiveCfg = Release|Win32
		{AE1D374F-147A-421A-8820-17CA2C50FCA0}.Release|x64.ActiveCfg = Release|x64
		{AE1D374F-147A-421A-8820-17CA2C50FCA0}.Release|x64.Build.0 = Release|x64
		{AE1D374F-147A-421A-8820-17CA2C50FCA0}.Release|x86.ActiveCfg = Release|Win32
		{AE1D374F-147A-421A-8820-17CA2C50FCA0}.Release|x86.Build.0 = Release|Win32
		{DB990A2D-E362-426F-8CD3-57D554608659}.Debug|Any CPU.ActiveCfg = Debug|Win32
		{DB990A2D-E362-426F-8CD3-57D554608659}.Debug|x64.ActiveCfg = Debug|x64
		{DB990A2D-E362-426F-8CD3-57D554608659}.Debug|x64.Build.0 = Debug|x64
		{DB990A2D-E362-426F-8CD3-57D554608659}.Debug|x86.ActiveCfg = Debug|Win32
		{DB990A2D-E362-426F-8CD3-57D554608659}.Debug|x86.Build.0 = Debug|Win32
		{DB990A2D-E362-426F-8CD3-57D554608659}.Release|Any CPU.ActiveCfg = Release|Win32
		{DB990A2D-E362-426F-8CD3-57D554608659}.Release|x64.ActiveCfg = Release|x64
		{DB990A2D-E362-426F-8CD3-57D554608659}.Release|x64.Build.0 = Release|x64
		{DB990A2D-E362-426F-8CD3-57D554608659}.Release|x86.ActiveCfg = Release|Win32
		{DB990A2D-E362-426F-8CD3-57D554608659}.Release|x86.Build.0 = Release|Win32
		{6B5F7DCD-19F6-4EB8-A5F8-5674D19F7FAB}.Debug|Any CPU.ActiveCfg = Debug|Win32
		{6B5F7DCD-19F6-4EB8-A5F8-5674D19F7FAB}.Debug|x64.ActiveCfg = Debug|x64
		{6B5F7DCD-19F6-4EB8-A5F8-5674D19F7FAB}.Debug|x64.Build.0 = Debug|x64
		{6B5F7DCD-19F6-4EB8-A5F8-5674D19F7FAB}.Debug|x86.ActiveCfg = Debug|Win32
		{6B5F7DCD-19F6-4EB8-A5F8-5674D19F7FAB}.Debug|x86.Build.0 = Debug|Win32
		{6B5F7DCD-19F6-4EB8-A5F8-5674D19F7FAB}.Release|Any CPU.ActiveCfg = Release|Win32
		{6B5F7DCD-19F6-4EB8-A5F8-5674D19F7FAB}.Release|x64.ActiveCfg = Release|x64
		{6B5F7DCD-19F6-4EB8-A5F8-5674D19F7FAB}.Release|x64.Build.0 = Release|x64
		{6B5F7DCD-19F6-4EB8-A5F8-5674D19F7FAB}.Release|x86.ActiveCfg = Release|Win32
		{6B5F7DCD-19F6-4EB8-A5F8-5674D19F7FAB}.Release|x86.Build.0 = Release|Win32
		{5F0963CD-0F74-4D22-AE87-47E88FE383BB}.Debug|Any CPU.ActiveCfg = Debug|Win32
		{5F0963CD-0F74-4D22-AE87-47E88FE383BB}.Debug|x64.ActiveCfg = Debug|x64
		{5F0963CD-0F74-4D22-AE87-47E88FE383BB}.Debug|x64.Build.0 = Debug|x64
		{5F0963CD-0F74-4D22-AE87-47E88FE383BB}.Debug|x86.ActiveCfg = Debug|Win32
		{5F0963CD-0F74-4D22-AE87-47E88FE383BB}.Debug|x86.Build.0 = Debug|Win32
		{5F0963CD-0F74-4D22-AE87-47E88FE383BB}.Release|Any CPU.ActiveCfg = Release|Win32
		{5F0963CD-0F74-4D22-AE87-47E88FE383BB}.Release|x64.ActiveCfg = Release|x64
		{5F0963CD-0F74-4D22-AE87-47E88FE383BB}.Release|x64.Build.0 = Release|x64
		{5F0963CD-0F74-4D22-AE87-47E88FE383BB}.Release|x86.ActiveCfg = Release|Win32
		{5F0963CD-0F74-4D22-AE87-47E88FE383BB}.Release|x86.Build.0 = Release|Win32
		{DE0EACAA-8CED-49B3-A92B-5C272676D749}.Debug|Any CPU.ActiveCfg = Debug|Win32
		{DE0EACAA-8CED-49B3-A92B-5C272676D749}.Debug|x64.ActiveCfg = Debug|x64
		{DE0EACAA-8CED-49B3-A92B-5C272676D749}.Debug|x64.Build.0 = Debug|x64
		{DE0EACAA-8CED-49B3-A92B-5C272676D749}.Debug|x86.ActiveCfg = Debug|Win32
		{DE0EACAA-8CED-49B3-A92B-5C272676D749}.Debug|x86.Build.0 = Debug|Win32
		{DE0EACAA-8CED-49B3-A92B-5C272676D749}.Release|Any CPU.ActiveCfg = Release|Win32
		{DE0EACAA-8CED-49B3-A92B-5C272676D749}.Release|x64.ActiveCfg = Release|x64
		{DE0EACAA-8CED-49B3-A92B-5C272676D749}.Release|x64.Build.0 = Release|x64
		{DE0EACAA-8CED-49B3-A92B-5C272676D749}.Release|x86.ActiveCfg = Release|Win32
		{DE0EACAA-8CED-49B3-A92B-5C272676D749}.Release|x86.Build.0 = Release|Win32
		{4228459B-0496-45F5-B64F-9CA439DBE408}.Debug|Any CPU.ActiveCfg = Debug|Win32
		{4228459B-0496-45F5-B64F-9CA439DBE408}.Debug|x64.ActiveCfg = Debug|x64
		{4228459B-0496-45F5-B64F-9CA439DBE408}.Debug|x64.Build.0 = Debug|x64
		{4228459B-0496-45F5-B64F-9CA439DBE408}.Debug|x86.ActiveCfg = Debug|Win32
		{4228459B-0496-45F5-B64F-9CA439DBE408}.Debug|x86.Build.0 = Debug|Win32
		{4228459B-0496-45F5-B64F-9CA439DBE408}.Release|Any CPU.ActiveCfg = Release|Win32
		{4228459B-0496-45F5-B64F-9CA439DBE408}.Release|x64.ActiveCfg = Release|x64
		{4228459B-0496-45F5-B64F-9CA439DBE408}.Release|x64.Build.0 = Release|x64
		{4228459B-0496-45F5-B64F-9CA439DBE408}.Release|x86.ActiveCfg = Release|Win32
		{4228459B-0496-45F5-B64F-9CA439DBE408}.Release|x86.Build.0 = Release|Win32
		{C54159C7-ED0C-45BD-88F9-3B0CF974F5BB}.Debug|Any CPU.ActiveCfg = Debug|Win32
		{C54159C7-ED0C-45BD-88F9-3B0CF974F5BB}.Debug|x64.ActiveCfg = Debug|x64
		{C54159C7-ED0C-45BD-88F9-3B0CF974F5BB}.Debug|x64.Build.0 = Debug|x64
		{C54159C7-ED0C-45BD-88F9-3B0CF974F5BB}.Debug|x86.ActiveCfg = Debug|Win32
		{C54159C7-ED0C-45BD-88F9-3B0CF974F5BB}.Debug|x86.Build.0 = Debug|Win32
		{C54159C7-ED0C-45BD-88F9-3B0CF974F5BB}.Release|Any CPU.ActiveCfg = Release|Win32
		{C54159C7-ED0C-45BD-88F9-3B0CF974F5BB}.Release|x64.ActiveCfg = Release|x64
		{C54159C7-ED0C-45BD-88F9-3B0CF974F5BB}.Release|x64.Build.0 = Release|x64
		{C54159C7-ED0C-45BD-88F9-3B0CF974F5BB}.Release|x86.ActiveCfg = Release|Win32
		{C54159C7-ED0C-45BD-88F9-3B0CF974F5BB}.Release|x86.Build.0 = Release|Win32
		{40A76402-396F-4C1E-A8B7-134496FEDD2F}.Debug|Any CPU.ActiveCfg = Debug|Win32
		{40A76402-396F-4C1E-A8B7-134496FEDD2F}.Debug|x64.ActiveCfg = Debug|x64
		{40A76402-396F-4C1E-A8B7-134496FEDD2F}.Debug|x64.Build.0 = Debug|x64
		{40A76402-396F-4C1E-A8B7-134496FEDD2F}.Debug|x86.ActiveCfg = Debug|Win32
		{40A76402-396F-4C1E-A8B7-134496FEDD2F}.Debug|x86.Build.0 = Debug|Win32
		{40A76402-396F-4C1E-A8B7-134496FEDD2F}.Release|Any CPU.ActiveCfg = Release|Win32
		{40A76402-396F-4C1E-A8B7-134496FEDD2F}.Release|x64.ActiveCfg = Release|x64
		{40A76402-396F-4C1E-A8B7-134496FEDD2F}.Release|x64.Build.0 = Release|x64
		{40A76402-396F-4C1E-A8B7-134496FEDD2F}.Release|x86.ActiveCfg = Release|Win32
		{40A76402-396F-4C1E-A8B7-134496FEDD2F}.Release|x86.Build.0 = Release|Win32
		{3E83672C-BA3B-4FBE-85B4-EFE070962BEE}.Debug|Any CPU.ActiveCfg = Debug|Win32
		{3E83672C-BA3B-4FBE-85B4-EFE070962BEE}.Debug|x64.ActiveCfg = Debug|x64
		{3E83672C-BA3B-4FBE-85B4-EFE070962BEE}.Debug|x64.Build.0 = Debug|x64
		{3E83672C-BA3B-4FBE-85B4-EFE070962BEE}.Debug|x86.ActiveCfg = Debug|Win32
		{3E83672C-BA3B-4FBE-85B4-EFE070962BEE}.Debug|x86.Build.0 = Debug|Win32
		{3E83672C-BA3B-4FBE-85B4-EFE070962BEE}.Release|Any CPU.ActiveCfg = Release|Win32
		{3E83672C-BA3B-4FBE-85B4-EFE070962BEE}.Release|x64.ActiveCfg = Release|x64
		{3E83672C-BA3B-4FBE-85B4-EFE070962BEE}.Release|x64.Build.0 = Release|x64
		{3E83672C-BA3B-4FBE-85B4-EFE070962BEE}.Release|x86.ActiveCfg = Release|Win32
		{3E83672C-BA3B-4FBE-85B4-EFE070962BEE}.Release|x86.Build.0 = Release|Win32
		{991CFFD8-ABD1-464B-8D10-8AE3AF9D04F9}.Debug|Any CPU.ActiveCfg = Debug|Any CPU
		{991CFFD8-ABD1-464B-8D10-8AE3AF9D04F9}.Debug|Any CPU.Build.0 = Debug|Any CPU
		{991CFFD8-ABD1-464B-8D10-8AE3AF9D04F9}.Debug|x64.ActiveCfg = Debug|Any CPU
		{991CFFD8-ABD1-464B-8D10-8AE3AF9D04F9}.Debug|x64.Build.0 = Debug|Any CPU
		{991CFFD8-ABD1-464B-8D10-8AE3AF9D04F9}.Debug|x86.ActiveCfg = Debug|Any CPU
		{991CFFD8-ABD1-464B-8D10-8AE3AF9D04F9}.Debug|x86.Build.0 = Debug|Any CPU
		{991CFFD8-ABD1-464B-8D10-8AE3AF9D04F9}.Release|Any CPU.ActiveCfg = Release|Any CPU
		{991CFFD8-ABD1-464B-8D10-8AE3AF9D04F9}.Release|Any CPU.Build.0 = Release|Any CPU
		{991CFFD8-ABD1-464B-8D10-8AE3AF9D04F9}.Release|x64.ActiveCfg = Release|Any CPU
		{991CFFD8-ABD1-464B-8D10-8AE3AF9D04F9}.Release|x64.Build.0 = Release|Any CPU
		{991CFFD8-ABD1-464B-8D10-8AE3AF9D04F9}.Release|x86.ActiveCfg = Release|Any CPU
		{991CFFD8-ABD1-464B-8D10-8AE3AF9D04F9}.Release|x86.Build.0 = Release|Any CPU
		{B3D7C2B6-4537-4EEC-B354-68602F176A08}.Debug|Any CPU.ActiveCfg = Debug|Win32
		{B3D7C2B6-4537-4EEC-B354-68602F176A08}.Debug|x64.ActiveCfg = Debug|x64
		{B3D7C2B6-4537-4EEC-B354-68602F176A08}.Debug|x64.Build.0 = Debug|x64
		{B3D7C2B6-4537-4EEC-B354-68602F176A08}.Debug|x86.ActiveCfg = Debug|Win32
		{B3D7C2B6-4537-4EEC-B354-68602F176A08}.Debug|x86.Build.0 = Debug|Win32
		{B3D7C2B6-4537-4EEC-B354-68602F176A08}.Release|Any CPU.ActiveCfg = Release|Win32
		{B3D7C2B6-4537-4EEC-B354-68602F176A08}.Release|x64.ActiveCfg = Release|x64
		{B3D7C2B6-4537-4EEC-B354-68602F176A08}.Release|x64.Build.0 = Release|x64
		{B3D7C2B6-4537-4EEC-B354-68602F176A08}.Release|x86.ActiveCfg = Release|Win32
		{B3D7C2B6-4537-4EEC-B354-68602F176A08}.Release|x86.Build.0 = Release|Win32
		{656F6A1D-CFA0-4DAB-AF13-4F5400C6FCD9}.Debug|Any CPU.ActiveCfg = Debug|Win32
		{656F6A1D-CFA0-4DAB-AF13-4F5400C6FCD9}.Debug|x64.ActiveCfg = Debug|x64
		{656F6A1D-CFA0-4DAB-AF13-4F5400C6FCD9}.Debug|x64.Build.0 = Debug|x64
		{656F6A1D-CFA0-4DAB-AF13-4F5400C6FCD9}.Debug|x86.ActiveCfg = Debug|Win32
		{656F6A1D-CFA0-4DAB-AF13-4F5400C6FCD9}.Debug|x86.Build.0 = Debug|Win32
		{656F6A1D-CFA0-4DAB-AF13-4F5400C6FCD9}.Release|Any CPU.ActiveCfg = Release|Win32
		{656F6A1D-CFA0-4DAB-AF13-4F5400C6FCD9}.Release|x64.ActiveCfg = Release|x64
		{656F6A1D-CFA0-4DAB-AF13-4F5400C6FCD9}.Release|x64.Build.0 = Release|x64
		{656F6A1D-CFA0-4DAB-AF13-4F5400C6FCD9}.Release|x86.ActiveCfg = Release|Win32
		{656F6A1D-CFA0-4DAB-AF13-4F5400C6FCD9}.Release|x86.Build.0 = Release|Win32
		{BE1177A4-69EA-4174-A208-CEE4CA4CBF95}.Debug|Any CPU.ActiveCfg = Debug|Win32
		{BE1177A4-69EA-4174-A208-CEE4CA4CBF95}.Debug|x64.ActiveCfg = Debug|x64
		{BE1177A4-69EA-4174-A208-CEE4CA4CBF95}.Debug|x64.Build.0 = Debug|x64
		{BE1177A4-69EA-4174-A208-CEE4CA4CBF95}.Debug|x86.ActiveCfg = Debug|Win32
		{BE1177A4-69EA-4174-A208-CEE4CA4CBF95}.Debug|x86.Build.0 = Debug|Win32
		{BE1177A4-69EA-4174-A208-CEE4CA4CBF95}.Release|Any CPU.ActiveCfg = Release|Win32
		{BE1177A4-69EA-4174-A208-CEE4CA4CBF95}.Release|x64.ActiveCfg = Release|x64
		{BE1177A4-69EA-4174-A208-CEE4CA4CBF95}.Release|x64.Build.0 = Release|x64
		{BE1177A4-69EA-4174-A208-CEE4CA4CBF95}.Release|x86.ActiveCfg = Release|Win32
		{BE1177A4-69EA-4174-A208-CEE4CA4CBF95}.Release|x86.Build.0 = Release|Win32
		{94421D82-632E-42DB-950A-F6332D2A54BF}.Debug|Any CPU.ActiveCfg = Debug|Win32
		{94421D82-632E-42DB-950A-F6332D2A54BF}.Debug|x64.ActiveCfg = Debug|x64
		{94421D82-632E-42DB-950A-F6332D2A54BF}.Debug|x64.Build.0 = Debug|x64
		{94421D82-632E-42DB-950A-F6332D2A54BF}.Debug|x86.ActiveCfg = Debug|Win32
		{94421D82-632E-42DB-950A-F6332D2A54BF}.Debug|x86.Build.0 = Debug|Win32
		{94421D82-632E-42DB-950A-F6332D2A54BF}.Release|Any CPU.ActiveCfg = Release|Win32
		{94421D82-632E-42DB-950A-F6332D2A54BF}.Release|x64.ActiveCfg = Release|x64
		{94421D82-632E-42DB-950A-F6332D2A54BF}.Release|x64.Build.0 = Release|x64
		{94421D82-632E-42DB-950A-F6332D2A54BF}.Release|x86.ActiveCfg = Release|Win32
		{94421D82-632E-42DB-950A-F6332D2A54BF}.Release|x86.Build.0 = Release|Win32
		{CD32AC3A-2A6A-4220-A5CA-5CEF6F80844A}.Debug|Any CPU.ActiveCfg = Debug|Win32
		{CD32AC3A-2A6A-4220-A5CA-5CEF6F80844A}.Debug|x64.ActiveCfg = Debug|x64
		{CD32AC3A-2A6A-4220-A5CA-5CEF6F80844A}.Debug|x64.Build.0 = Debug|x64
		{CD32AC3A-2A6A-4220-A5CA-5CEF6F80844A}.Debug|x86.ActiveCfg = Debug|Win32
		{CD32AC3A-2A6A-4220-A5CA-5CEF6F80844A}.Debug|x86.Build.0 = Debug|Win32
		{CD32AC3A-2A6A-4220-A5CA-5CEF6F80844A}.Release|Any CPU.ActiveCfg = Release|Win32
		{CD32AC3A-2A6A-4220-A5CA-5CEF6F80844A}.Release|x64.ActiveCfg = Release|x64
		{CD32AC3A-2A6A-4220-A5CA-5CEF6F80844A}.Release|x64.Build.0 = Release|x64
		{CD32AC3A-2A6A-4220-A5CA-5CEF6F80844A}.Release|x86.ActiveCfg = Release|Win32
		{CD32AC3A-2A6A-4220-A5CA-5CEF6F80844A}.Release|x86.Build.0 = Release|Win32
		{5EF77C40-3D66-4855-B8CA-78F7A4D3D2D5}.Debug|Any CPU.ActiveCfg = Debug|Win32
		{5EF77C40-3D66-4855-B8CA-78F7A4D3D2D5}.Debug|x64.ActiveCfg = Debug|x64
		{5EF77C40-3D66-4855-B8CA-78F7A4D3D2D5}.Debug|x64.Build.0 = Debug|x64
		{5EF77C40-3D66-4855-B8CA-78F7A4D3D2D5}.Debug|x86.ActiveCfg = Debug|Win32
		{5EF77C40-3D66-4855-B8CA-78F7A4D3D2D5}.Debug|x86.Build.0 = Debug|Win32
		{5EF77C40-3D66-4855-B8CA-78F7A4D3D2D5}.Release|Any CPU.ActiveCfg = Release|Win32
		{5EF77C40-3D66-4855-B8CA-78F7A4D3D2D5}.Release|x64.ActiveCfg = Release|x64
		{5EF77C40-3D66-4855-B8CA-78F7A4D3D2D5}.Release|x64.Build.0 = Release|x64
		{5EF77C40-3D66-4855-B8CA-78F7A4D3D2D5}.Release|x86.ActiveCfg = Release|Win32
		{5EF77C40-3D66-4855-B8CA-78F7A4D3D2D5}.Release|x86.Build.0 = Release|Win32
		{9F3AD933-FD22-4ACB-97A5-049D3C21F59B}.Debug|Any CPU.ActiveCfg = Debug|Win32
		{9F3AD933-FD22-4ACB-97A5-049D3C21F59B}.Debug|x64.ActiveCfg = Debug|x64
		{9F3AD933-FD22-4ACB-97A5-049D3C21F59B}.Debug|x64.Build.0 = Debug|x64
		{9F3AD933-FD22-4ACB-97A5-049D3C21F59B}.Debug|x86.ActiveCfg = Debug|Win32
		{9F3AD933-FD22-4ACB-97A5-049D3C21F59B}.Debug|x86.Build.0 = Debug|Win32
		{9F3AD933-FD22-4ACB-97A5-049D3C21F59B}.Release|Any CPU.ActiveCfg = Release|Win32
		{9F3AD933-FD22-4ACB-97A5-049D3C21F59B}.Release|x64.ActiveCfg = Release|x64
		{9F3AD933-FD22-4ACB-97A5-049D3C21F59B}.Release|x64.Build.0 = Release|x64
		{9F3AD933-FD22-4ACB-97A5-049D3C21F59B}.Release|x86.ActiveCfg = Release|Win32
		{9F3AD933-FD22-4ACB-97A5-049D3C21F59B}.Release|x86.Build.0 = Release|Win32
		{AC8E2C8C-E726-45B8-AAAD-0314AF8A52BF}.Debug|Any CPU.ActiveCfg = Debug|Win32
		{AC8E2C8C-E726-45B8-AAAD-0314AF8A52BF}.Debug|x64.ActiveCfg = Debug|x64
		{AC8E2C8C-E726-45B8-AAAD-0314AF8A52BF}.Debug|x64.Build.0 = Debug|x64
		{AC8E2C8C-E726-45B8-AAAD-0314AF8A52BF}.Debug|x86.ActiveCfg = Debug|Win32
		{AC8E2C8C-E726-45B8-AAAD-0314AF8A52BF}.Debug|x86.Build.0 = Debug|Win32
		{AC8E2C8C-E726-45B8-AAAD-0314AF8A52BF}.Release|Any CPU.ActiveCfg = Release|Win32
		{AC8E2C8C-E726-45B8-AAAD-0314AF8A52BF}.Release|x64.ActiveCfg = Release|x64
		{AC8E2C8C-E726-45B8-AAAD-0314AF8A52BF}.Release|x64.Build.0 = Release|x64
		{AC8E2C8C-E726-45B8-AAAD-0314AF8A52BF}.Release|x86.ActiveCfg = Release|Win32
		{AC8E2C8C-E726-45B8-AAAD-0314AF8A52BF}.Release|x86.Build.0 = Release|Win32
	EndGlobalSection
	GlobalSection(SolutionProperties) = preSolution
		HideSolutionNode = FALSE
	EndGlobalSection
	GlobalSection(NestedProjects) = preSolution
		{0813A037-9FE1-4B46-B32F-878986CD1382} = {814CD3FC-3712-49E3-B7E4-A053FAB0AE1B}
		{32293551-3B79-47A1-953C-6808B6C9D7AB} = {814CD3FC-3712-49E3-B7E4-A053FAB0AE1B}
		{F00560CD-28B4-4E62-BCD9-B110B4D8735F} = {814CD3FC-3712-49E3-B7E4-A053FAB0AE1B}
		{6C5A9CF1-E0B6-45A5-ACE5-5F3FF312422D} = {814CD3FC-3712-49E3-B7E4-A053FAB0AE1B}
		{239E0D26-EF78-4BAE-8428-D53F9837E84D} = {814CD3FC-3712-49E3-B7E4-A053FAB0AE1B}
		{18C3ED49-B846-4087-880B-49781CE7E59B} = {814CD3FC-3712-49E3-B7E4-A053FAB0AE1B}
		{02BF2E01-F830-4CF4-81B9-37BD14A47C7F} = {814CD3FC-3712-49E3-B7E4-A053FAB0AE1B}
		{1E561BDA-D34C-4DAA-954B-AD0440D96FD6} = {814CD3FC-3712-49E3-B7E4-A053FAB0AE1B}
		{AE1D374F-147A-421A-8820-17CA2C50FCA0} = {814CD3FC-3712-49E3-B7E4-A053FAB0AE1B}
		{DB990A2D-E362-426F-8CD3-57D554608659} = {814CD3FC-3712-49E3-B7E4-A053FAB0AE1B}
		{6B5F7DCD-19F6-4EB8-A5F8-5674D19F7FAB} = {814CD3FC-3712-49E3-B7E4-A053FAB0AE1B}
		{5F0963CD-0F74-4D22-AE87-47E88FE383BB} = {9F7CD966-67AF-4770-B77D-B05F6BA59B69}
		{DE0EACAA-8CED-49B3-A92B-5C272676D749} = {9F7CD966-67AF-4770-B77D-B05F6BA59B69}
		{4228459B-0496-45F5-B64F-9CA439DBE408} = {814CD3FC-3712-49E3-B7E4-A053FAB0AE1B}
		{C54159C7-ED0C-45BD-88F9-3B0CF974F5BB} = {814CD3FC-3712-49E3-B7E4-A053FAB0AE1B}
		{40A76402-396F-4C1E-A8B7-134496FEDD2F} = {814CD3FC-3712-49E3-B7E4-A053FAB0AE1B}
		{3E83672C-BA3B-4FBE-85B4-EFE070962BEE} = {9F7CD966-67AF-4770-B77D-B05F6BA59B69}
		{991CFFD8-ABD1-464B-8D10-8AE3AF9D04F9} = {9F7CD966-67AF-4770-B77D-B05F6BA59B69}
		{B3D7C2B6-4537-4EEC-B354-68602F176A08} = {9F7CD966-67AF-4770-B77D-B05F6BA59B69}
		{656F6A1D-CFA0-4DAB-AF13-4F5400C6FCD9} = {814CD3FC-3712-49E3-B7E4-A053FAB0AE1B}
		{BE1177A4-69EA-4174-A208-CEE4CA4CBF95} = {814CD3FC-3712-49E3-B7E4-A053FAB0AE1B}
		{94421D82-632E-42DB-950A-F6332D2A54BF} = {814CD3FC-3712-49E3-B7E4-A053FAB0AE1B}
		{CD32AC3A-2A6A-4220-A5CA-5CEF6F80844A} = {814CD3FC-3712-49E3-B7E4-A053FAB0AE1B}
		{5EF77C40-3D66-4855-B8CA-78F7A4D3D2D5} = {814CD3FC-3712-49E3-B7E4-A053FAB0AE1B}
		{9F3AD933-FD22-4ACB-97A5-049D3C21F59B} = {814CD3FC-3712-49E3-B7E4-A053FAB0AE1B}
		{AC8E2C8C-E726-45B8-AAAD-0314AF8A52BF} = {814CD3FC-3712-49E3-B7E4-A053FAB0AE1B}
	EndGlobalSection
EndGlobal
